
Microsoft Visual Studio Solution File, Format Version 12.00
# Visual Studio Version 16
VisualStudioVersion = 16.0.31129.286
MinimumVisualStudioVersion = 10.0.40219.1
Project("{9A19103F-16F7-4668-BE54-9A1E7A4F7556}") = "PhotoReview", "PhotoReview\PhotoReview.csproj", "{4BF20A62-EC4B-41B8-848C-FEA5BCE11168}"
EndProject
Global
	GlobalSection(SolutionConfigurationPlatforms) = preSolution
		Debug|Any CPU = Debug|Any CPU
		Release|Any CPU = Release|Any CPU
	EndGlobalSection
	GlobalSection(ProjectConfigurationPlatforms) = postSolution
		{4BF20A62-EC4B-41B8-848C-FEA5BCE11168}.Debug|Any CPU.ActiveCfg = Debug|Any CPU
		{4BF20A62-EC4B-41B8-848C-FEA5BCE11168}.Debug|Any CPU.Build.0 = Debug|Any CPU
		{4BF20A62-EC4B-41B8-848C-FEA5BCE11168}.Release|Any CPU.ActiveCfg = Release|Any CPU
		{4BF20A62-EC4B-41B8-848C-FEA5BCE11168}.Release|Any CPU.Build.0 = Release|Any CPU
	EndGlobalSection
	GlobalSection(SolutionProperties) = preSolution
		HideSolutionNode = FALSE
	EndGlobalSection
	GlobalSection(ExtensibilityGlobals) = postSolution
		SolutionGuid = {2194A9EF-EE56-43D8-A090-103C0A2661A6}
	EndGlobalSection
EndGlobal
